
Microsoft Visual Studio Solution File, Format Version 12.00
# Visual Studio Version 17
VisualStudioVersion = 17.3.32819.101
MinimumVisualStudioVersion = 10.0.40219.1
Project("{9A19103F-16F7-4668-BE54-9A1E7A4F7556}") = "SampleWeb", "SampleWeb\SampleWeb.csproj", "{76A79D25-0FD7-4BA9-923E-95C571F99173}"
EndProject
Project("{9A19103F-16F7-4668-BE54-9A1E7A4F7556}") = "HashCDN.Azure", "HashCDN.Azure\HashCDN.Azure.csproj", "{C4630114-42DF-4188-B02E-14C876AC3DC5}"
EndProject
Project("{9A19103F-16F7-4668-BE54-9A1E7A4F7556}") = "HashCDN.Core", "HashCDN.Core\HashCDN.Core.csproj", "{8FD289FD-1734-4326-B9BA-5CC216D9689F}"
EndProject
Global
	GlobalSection(SolutionConfigurationPlatforms) = preSolution
		Debug|Any CPU = Debug|Any CPU
		Release|Any CPU = Release|Any CPU
	EndGlobalSection
	GlobalSection(ProjectConfigurationPlatforms) = postSolution
		{76A79D25-0FD7-4BA9-923E-95C571F99173}.Debug|Any CPU.ActiveCfg = Debug|Any CPU
		{76A79D25-0FD7-4BA9-923E-95C571F99173}.Debug|Any CPU.Build.0 = Debug|Any CPU
		{76A79D25-0FD7-4BA9-923E-95C571F99173}.Release|Any CPU.ActiveCfg = Release|Any CPU
		{76A79D25-0FD7-4BA9-923E-95C571F99173}.Release|Any CPU.Build.0 = Release|Any CPU
		{C4630114-42DF-4188-B02E-14C876AC3DC5}.Debug|Any CPU.ActiveCfg = Debug|Any CPU
		{C4630114-42DF-4188-B02E-14C876AC3DC5}.Debug|Any CPU.Build.0 = Debug|Any CPU
		{C4630114-42DF-4188-B02E-14C876AC3DC5}.Release|Any CPU.ActiveCfg = Release|Any CPU
		{C4630114-42DF-4188-B02E-14C876AC3DC5}.Release|Any CPU.Build.0 = Release|Any CPU
		{8FD289FD-1734-4326-B9BA-5CC216D9689F}.Debug|Any CPU.ActiveCfg = Debug|Any CPU
		{8FD289FD-1734-4326-B9BA-5CC216D9689F}.Debug|Any CPU.Build.0 = Debug|Any CPU
		{8FD289FD-1734-4326-B9BA-5CC216D9689F}.Release|Any CPU.ActiveCfg = Release|Any CPU
		{8FD289FD-1734-4326-B9BA-5CC216D9689F}.Release|Any CPU.Build.0 = Release|Any CPU
	EndGlobalSection
	GlobalSection(SolutionProperties) = preSolution
		HideSolutionNode = FALSE
	EndGlobalSection
	GlobalSection(ExtensibilityGlobals) = postSolution
		SolutionGuid = {18D49D98-8C05-47B3-B42A-FE194198FF30}
	EndGlobalSection
EndGlobal
